
Microsoft Visual Studio Solution File, Format Version 12.00
# Visual Studio Version 16
VisualStudioVersion = 16.0.29009.5
MinimumVisualStudioVersion = 10.0.40219.1
Project("{FAE04EC0-301F-11D3-BF4B-00C04F79EFBC}") = "MicroserviceECommerce.MVCUI", "MicroserviceECommerce.MVCUI\MicroserviceECommerce.MVCUI.csproj", "{0CC383E3-334D-4963-9C4C-889ED0703DD9}"
EndProject
Project("{2150E333-8FDC-42A3-9474-1A3956D46DE8}") = "Microservices", "Microservices", "{128422A3-AD3B-48DD-8849-4EAF9CF036B6}"
EndProject
Project("{FAE04EC0-301F-11D3-BF4B-00C04F79EFBC}") = "MicroserviceECommerce.Customer.WebApi", "MicroserviceECommerce.Customer.WebApi\MicroserviceECommerce.Customer.WebApi.csproj", "{FC39E1B5-1334-47B2-B84C-85938B8FDE47}"
EndProject
Project("{FAE04EC0-301F-11D3-BF4B-00C04F79EFBC}") = "MicroserviceECommerce.Employee.WebApi", "MicroserviceECommerce.Employee.WebApi\MicroserviceECommerce.Employee.WebApi.csproj", "{EE02EF1E-15E3-4BB3-B6CE-8F9C5999B7B9}"
EndProject
Project("{FAE04EC0-301F-11D3-BF4B-00C04F79EFBC}") = "MicroserviceECommerce.Entities", "MicroserviceECommerce.Entities\MicroserviceECommerce.Entities.csproj", "{0F57D261-956E-40DA-B23B-DF360A1BE793}"
EndProject
Project("{FAE04EC0-301F-11D3-BF4B-00C04F79EFBC}") = "MicroserviceECommerce.ECommerce.WebApi", "MicroserviceECommerce.ECommerce.WebApi\MicroserviceECommerce.ECommerce.WebApi.csproj", "{7BA8F4C8-6CB8-455F-B9DF-E73F6E8BA14A}"
EndProject
Project("{9A19103F-16F7-4668-BE54-9A1E7A4F7556}") = "MicroserviceECommerce.Core.UI", "MicroserviceECommerce.Core.UI\MicroserviceECommerce.Core.UI.csproj", "{2BEFEFF9-40BD-4F54-8A23-87E9D853D8EF}"
EndProject
Project("{2150E333-8FDC-42A3-9474-1A3956D46DE8}") = "Core.Microservices", "Core.Microservices", "{1BD91CD1-6A29-428A-9329-DBDE6E9FBBE5}"
EndProject
Project("{FAE04EC0-301F-11D3-BF4B-00C04F79EFBC}") = "MicroserviceECommerce.Core.Customer.WebApi", "MicroserviceECommerce.Core.Customer.WebApi\MicroserviceECommerce.Core.Customer.WebApi.csproj", "{6E81531A-D61B-4EFE-8343-993EDE378C82}"
EndProject
Global
	GlobalSection(SolutionConfigurationPlatforms) = preSolution
		Debug|Any CPU = Debug|Any CPU
		Release|Any CPU = Release|Any CPU
	EndGlobalSection
	GlobalSection(ProjectConfigurationPlatforms) = postSolution
		{0CC383E3-334D-4963-9C4C-889ED0703DD9}.Debug|Any CPU.ActiveCfg = Debug|Any CPU
		{0CC383E3-334D-4963-9C4C-889ED0703DD9}.Debug|Any CPU.Build.0 = Debug|Any CPU
		{0CC383E3-334D-4963-9C4C-889ED0703DD9}.Release|Any CPU.ActiveCfg = Release|Any CPU
		{0CC383E3-334D-4963-9C4C-889ED0703DD9}.Release|Any CPU.Build.0 = Release|Any CPU
		{FC39E1B5-1334-47B2-B84C-85938B8FDE47}.Debug|Any CPU.ActiveCfg = Debug|Any CPU
		{FC39E1B5-1334-47B2-B84C-85938B8FDE47}.Debug|Any CPU.Build.0 = Debug|Any CPU
		{FC39E1B5-1334-47B2-B84C-85938B8FDE47}.Release|Any CPU.ActiveCfg = Release|Any CPU
		{FC39E1B5-1334-47B2-B84C-85938B8FDE47}.Release|Any CPU.Build.0 = Release|Any CPU
		{EE02EF1E-15E3-4BB3-B6CE-8F9C5999B7B9}.Debug|Any CPU.ActiveCfg = Debug|Any CPU
		{EE02EF1E-15E3-4BB3-B6CE-8F9C5999B7B9}.Debug|Any CPU.Build.0 = Debug|Any CPU
		{EE02EF1E-15E3-4BB3-B6CE-8F9C5999B7B9}.Release|Any CPU.ActiveCfg = Release|Any CPU
		{EE02EF1E-15E3-4BB3-B6CE-8F9C5999B7B9}.Release|Any CPU.Build.0 = Release|Any CPU
		{0F57D261-956E-40DA-B23B-DF360A1BE793}.Debug|Any CPU.ActiveCfg = Debug|Any CPU
		{0F57D261-956E-40DA-B23B-DF360A1BE793}.Debug|Any CPU.Build.0 = Debug|Any CPU
		{0F57D261-956E-40DA-B23B-DF360A1BE793}.Release|Any CPU.ActiveCfg = Release|Any CPU
		{0F57D261-956E-40DA-B23B-DF360A1BE793}.Release|Any CPU.Build.0 = Release|Any CPU
		{7BA8F4C8-6CB8-455F-B9DF-E73F6E8BA14A}.Debug|Any CPU.ActiveCfg = Debug|Any CPU
		{7BA8F4C8-6CB8-455F-B9DF-E73F6E8BA14A}.Debug|Any CPU.Build.0 = Debug|Any CPU
		{7BA8F4C8-6CB8-455F-B9DF-E73F6E8BA14A}.Release|Any CPU.ActiveCfg = Release|Any CPU
		{7BA8F4C8-6CB8-455F-B9DF-E73F6E8BA14A}.Release|Any CPU.Build.0 = Release|Any CPU
		{2BEFEFF9-40BD-4F54-8A23-87E9D853D8EF}.Debug|Any CPU.ActiveCfg = Debug|Any CPU
		{2BEFEFF9-40BD-4F54-8A23-87E9D853D8EF}.Debug|Any CPU.Build.0 = Debug|Any CPU
		{2BEFEFF9-40BD-4F54-8A23-87E9D853D8EF}.Release|Any CPU.ActiveCfg = Release|Any CPU
		{2BEFEFF9-40BD-4F54-8A23-87E9D853D8EF}.Release|Any CPU.Build.0 = Release|Any CPU
		{6E81531A-D61B-4EFE-8343-993EDE378C82}.Debug|Any CPU.ActiveCfg = Debug|Any CPU
		{6E81531A-D61B-4EFE-8343-993EDE378C82}.Debug|Any CPU.Build.0 = Debug|Any CPU
		{6E81531A-D61B-4EFE-8343-993EDE378C82}.Release|Any CPU.ActiveCfg = Release|Any CPU
		{6E81531A-D61B-4EFE-8343-993EDE378C82}.Release|Any CPU.Build.0 = Release|Any CPU
	EndGlobalSection
	GlobalSection(SolutionProperties) = preSolution
		HideSolutionNode = FALSE
	EndGlobalSection
	GlobalSection(NestedProjects) = preSolution
		{FC39E1B5-1334-47B2-B84C-85938B8FDE47} = {128422A3-AD3B-48DD-8849-4EAF9CF036B6}
		{EE02EF1E-15E3-4BB3-B6CE-8F9C5999B7B9} = {128422A3-AD3B-48DD-8849-4EAF9CF036B6}
		{7BA8F4C8-6CB8-455F-B9DF-E73F6E8BA14A} = {128422A3-AD3B-48DD-8849-4EAF9CF036B6}
		{6E81531A-D61B-4EFE-8343-993EDE378C82} = {1BD91CD1-6A29-428A-9329-DBDE6E9FBBE5}
	EndGlobalSection
	GlobalSection(ExtensibilityGlobals) = postSolution
		SolutionGuid = {EBE7C089-2D31-4BC0-A251-286C54A8CF26}
	EndGlobalSection
EndGlobal
